
Microsoft Visual Studio Solution File, Format Version 12.00
# Visual Studio Version 17
VisualStudioVersion = 17.5.002.0
MinimumVisualStudioVersion = 10.0.40219.1
Project("{9A19103F-16F7-4668-BE54-9A1E7A4F7556}") = "DungeonAPI", "DungeonAPI\DungeonAPI.csproj", "{E3D7CE88-B6BA-4C1C-AF16-90387298DFB5}"
EndProject
Global
	GlobalSection(SolutionConfigurationPlatforms) = preSolution
		Debug|Any CPU = Debug|Any CPU
		Release|Any CPU = Release|Any CPU
	EndGlobalSection
	GlobalSection(ProjectConfigurationPlatforms) = postSolution
		{E3D7CE88-B6BA-4C1C-AF16-90387298DFB5}.Debug|Any CPU.ActiveCfg = Debug|Any CPU
		{E3D7CE88-B6BA-4C1C-AF16-90387298DFB5}.Debug|Any CPU.Build.0 = Debug|Any CPU
		{E3D7CE88-B6BA-4C1C-AF16-90387298DFB5}.Release|Any CPU.ActiveCfg = Release|Any CPU
		{E3D7CE88-B6BA-4C1C-AF16-90387298DFB5}.Release|Any CPU.Build.0 = Release|Any CPU
	EndGlobalSection
	GlobalSection(SolutionProperties) = preSolution
		HideSolutionNode = FALSE
	EndGlobalSection
	GlobalSection(ExtensibilityGlobals) = postSolution
		SolutionGuid = {FFF61837-89A2-4B5B-8654-B7F8E07BCAFE}
	EndGlobalSection
EndGlobal
